
Microsoft Visual Studio Solution File, Format Version 12.00
# Visual Studio 15
VisualStudioVersion = 15.0.27004.2009
MinimumVisualStudioVersion = 10.0.40219.1
Project("{9A19103F-16F7-4668-BE54-9A1E7A4F7556}") = "Day1.ConsoleApp", "Day1.ConsoleApp\Day1.ConsoleApp.csproj", "{5FC968CB-F417-415F-BC5F-BD8875F901CA}"
EndProject
Project("{9A19103F-16F7-4668-BE54-9A1E7A4F7556}") = "Day1.Tests", "Day1.Tests\Day1.Tests.csproj", "{5DFA392C-E704-4075-934D-C167A4F07791}"
EndProject
Global
	GlobalSection(SolutionConfigurationPlatforms) = preSolution
		Debug|Any CPU = Debug|Any CPU
		Release|Any CPU = Release|Any CPU
	EndGlobalSection
	GlobalSection(ProjectConfigurationPlatforms) = postSolution
		{5FC968CB-F417-415F-BC5F-BD8875F901CA}.Debug|Any CPU.ActiveCfg = Debug|Any CPU
		{5FC968CB-F417-415F-BC5F-BD8875F901CA}.Debug|Any CPU.Build.0 = Debug|Any CPU
		{5FC968CB-F417-415F-BC5F-BD8875F901CA}.Release|Any CPU.ActiveCfg = Release|Any CPU
		{5FC968CB-F417-415F-BC5F-BD8875F901CA}.Release|Any CPU.Build.0 = Release|Any CPU
		{5DFA392C-E704-4075-934D-C167A4F07791}.Debug|Any CPU.ActiveCfg = Debug|Any CPU
		{5DFA392C-E704-4075-934D-C167A4F07791}.Debug|Any CPU.Build.0 = Debug|Any CPU
		{5DFA392C-E704-4075-934D-C167A4F07791}.Release|Any CPU.ActiveCfg = Release|Any CPU
		{5DFA392C-E704-4075-934D-C167A4F07791}.Release|Any CPU.Build.0 = Release|Any CPU
	EndGlobalSection
	GlobalSection(SolutionProperties) = preSolution
		HideSolutionNode = FALSE
	EndGlobalSection
	GlobalSection(ExtensibilityGlobals) = postSolution
		SolutionGuid = {19C0075C-1189-4D8D-8963-0C8504BA8A49}
	EndGlobalSection
EndGlobal
