
Microsoft Visual Studio Solution File, Format Version 12.00
# Visual Studio 15
VisualStudioVersion = 15.0.27004.2009
MinimumVisualStudioVersion = 10.0.40219.1
Project("{FAE04EC0-301F-11D3-BF4B-00C04F79EFBC}") = "Day1Part2.ConsoleApp", "Day1Part2.ConsoleApp\Day1Part2.ConsoleApp.csproj", "{C4EF8791-E158-4219-9FEB-A9742230BCA5}"
EndProject
Project("{FAE04EC0-301F-11D3-BF4B-00C04F79EFBC}") = "Day1Part2.Tests", "Day1Part2.Tests\Day1Part2.Tests.csproj", "{EEB7D8E8-A244-44A8-9193-B8CC934036C8}"
EndProject
Global
	GlobalSection(SolutionConfigurationPlatforms) = preSolution
		Debug|Any CPU = Debug|Any CPU
		Release|Any CPU = Release|Any CPU
	EndGlobalSection
	GlobalSection(ProjectConfigurationPlatforms) = postSolution
		{C4EF8791-E158-4219-9FEB-A9742230BCA5}.Debug|Any CPU.ActiveCfg = Debug|Any CPU
		{C4EF8791-E158-4219-9FEB-A9742230BCA5}.Debug|Any CPU.Build.0 = Debug|Any CPU
		{C4EF8791-E158-4219-9FEB-A9742230BCA5}.Release|Any CPU.ActiveCfg = Release|Any CPU
		{C4EF8791-E158-4219-9FEB-A9742230BCA5}.Release|Any CPU.Build.0 = Release|Any CPU
		{EEB7D8E8-A244-44A8-9193-B8CC934036C8}.Debug|Any CPU.ActiveCfg = Debug|Any CPU
		{EEB7D8E8-A244-44A8-9193-B8CC934036C8}.Debug|Any CPU.Build.0 = Debug|Any CPU
		{EEB7D8E8-A244-44A8-9193-B8CC934036C8}.Release|Any CPU.ActiveCfg = Release|Any CPU
		{EEB7D8E8-A244-44A8-9193-B8CC934036C8}.Release|Any CPU.Build.0 = Release|Any CPU
	EndGlobalSection
	GlobalSection(SolutionProperties) = preSolution
		HideSolutionNode = FALSE
	EndGlobalSection
	GlobalSection(ExtensibilityGlobals) = postSolution
		SolutionGuid = {8BF71F3E-9633-4F34-B5D9-6A563EF0F9C3}
	EndGlobalSection
EndGlobal
